
Microsoft Visual Studio Solution File, Format Version 12.00
# Visual Studio Version 17
VisualStudioVersion = 17.13.35818.85
MinimumVisualStudioVersion = 10.0.40219.1
Project("{FAE04EC0-301F-11D3-BF4B-00C04F79EFBC}") = "libraryapp", "libraryapp.csproj", "{A22E5FC5-1D77-45FA-A5A0-38AF2970199F}"
EndProject
Global
	GlobalSection(SolutionConfigurationPlatforms) = preSolution
		Debug|Any CPU = Debug|Any CPU
		Release|Any CPU = Release|Any CPU
	EndGlobalSection
	GlobalSection(ProjectConfigurationPlatforms) = postSolution
		{A22E5FC5-1D77-45FA-A5A0-38AF2970199F}.Debug|Any CPU.ActiveCfg = Debug|Any CPU
		{A22E5FC5-1D77-45FA-A5A0-38AF2970199F}.Debug|Any CPU.Build.0 = Debug|Any CPU
		{A22E5FC5-1D77-45FA-A5A0-38AF2970199F}.Release|Any CPU.ActiveCfg = Release|Any CPU
		{A22E5FC5-1D77-45FA-A5A0-38AF2970199F}.Release|Any CPU.Build.0 = Release|Any CPU
	EndGlobalSection
	GlobalSection(SolutionProperties) = preSolution
		HideSolutionNode = FALSE
	EndGlobalSection
	GlobalSection(ExtensibilityGlobals) = postSolution
		SolutionGuid = {99A9655F-141F-44C6-8F88-C73636DE5B2E}
	EndGlobalSection
EndGlobal
